// !$*UTF8*$!
{
	archiveVersion = 1;
	classes = {
	};
	objectVersion = 77;
	objects = {

/* Begin PBXBuildFile section */
		25B4E4022FB89000001D471A /* GRDB in Frameworks */ = {isa = PBXBuildFile; productRef = 25B4E4012FB89000001D471A /* GRDB */; };
		25B4E8442FC1CCAD001D471A /* Sparkle in Frameworks */ = {isa = PBXBuildFile; productRef = 25B4E8432FC1CCAD001D471A /* Sparkle */; };
/* End PBXBuildFile section */

/* Begin PBXContainerItemProxy section */
		25B4E3BA2FB869D5001D471A /* PBXContainerItemProxy */ = {
			isa = PBXContainerItemProxy;
			containerPortal = 25B4E3A42FB869D3001D471A /* Project object */;
			proxyType = 1;
			remoteGlobalIDString = 25B4E3AB2FB869D3001D471A;
			remoteInfo = StickyDocs;
		};
		25B4E3C42FB869D5001D471A /* PBXContainerItemProxy */ = {
			isa = PBXContainerItemProxy;
			containerPortal = 25B4E3A42FB869D3001D471A /* Project object */;
			proxyType = 1;
			remoteGlobalIDString = 25B4E3AB2FB869D3001D471A;
			remoteInfo = StickyDocs;
		};
/* End PBXContainerItemProxy section */

/* Begin PBXFileReference section */
		25B4E3AC2FB869D3001D471A /* StickyDocs.app */ = {isa = PBXFileReference; explicitFileType = wrapper.application; includeInIndex = 0; path = StickyDocs.app; sourceTree = BUILT_PRODUCTS_DIR; };
		25B4E3B92FB869D5001D471A /* StickyDocsTests.xctest */ = {isa = PBXFileReference; explicitFileType = wrapper.cfbundle; includeInIndex = 0; path = StickyDocsTests.xctest; sourceTree = BUILT_PRODUCTS_DIR; };
		25B4E3C32FB869D5001D471A /* StickyDocsUITests.xctest */ = {isa = PBXFileReference; explicitFileType = wrapper.cfbundle; includeInIndex = 0; path = StickyDocsUITests.xctest; sourceTree = BUILT_PRODUCTS_DIR; };
/* End PBXFileReference section */

/* Begin PBXFileSystemSynchronizedRootGroup section */
		25B4E3AE2FB869D3001D471A /* StickyDocs */ = {
			isa = PBXFileSystemSynchronizedRootGroup;
			path = StickyDocs;
			sourceTree = "<group>";
		};
		25B4E3BC2FB869D5001D471A /* StickyDocsTests */ = {
			isa = PBXFileSystemSynchronizedRootGroup;
			path = StickyDocsTests;
			sourceTree = "<group>";
		};
		25B4E3C62FB869D5001D471A /* StickyDocsUITests */ = {
			isa = PBXFileSystemSynchronizedRootGroup;
			path = StickyDocsUITests;
			sourceTree = "<group>";
		};
/* End PBXFileSystemSynchronizedRootGroup section */

/* Begin PBXFrameworksBuildPhase section */
		25B4E3A92FB869D3001D471A /* Frameworks */ = {
			isa = PBXFrameworksBuildPhase;
			buildActionMask = 2147483647;
			files = (
				25B4E4022FB89000001D471A /* GRDB in Frameworks */,
				25B4E8442FC1CCAD001D471A /* Sparkle in Frameworks */,
			);
			runOnlyForDeploymentPostprocessing = 0;
		};
		25B4E3B62FB869D5001D471A /* Frameworks */ = {
			isa = PBXFrameworksBuildPhase;
			buildActionMask = 2147483647;
			files = (
			);
			runOnlyForDeploymentPostprocessing = 0;
		};
		25B4E3C02FB869D5001D471A /* Frameworks */ = {
			isa = PBXFrameworksBuildPhase;
			buildActionMask = 2147483647;
			files = (
			);
			runOnlyForDeploymentPostprocessing = 0;
		};
/* End PBXFrameworksBuildPhase section */

/* Begin PBXGroup section */
		25B4E3A32FB869D3001D471A = {
			isa = PBXGroup;
			children = (
				25B4E3AE2FB869D3001D471A /* StickyDocs */,
				25B4E3BC2FB869D5001D471A /* StickyDocsTests */,
				25B4E3C62FB869D5001D471A /* StickyDocsUITests */,
				25B4E4002FB89000001D471A /* Frameworks */,
				25B4E3AD2FB869D3001D471A /* Products */,
			);
			sourceTree = "<group>";
		};
		25B4E3AD2FB869D3001D471A /* Products */ = {
			isa = PBXGroup;
			children = (
				25B4E3AC2FB869D3001D471A /* StickyDocs.app */,
				25B4E3B92FB869D5001D471A /* StickyDocsTests.xctest */,
				25B4E3C32FB869D5001D471A /* StickyDocsUITests.xctest */,
			);
			name = Products;
			sourceTree = "<group>";
		};
		25B4E4002FB89000001D471A /* Frameworks */ = {
			isa = PBXGroup;
			children = (
			);
			name = Frameworks;
			sourceTree = "<group>";
		};
/* End PBXGroup section */

/* Begin PBXNativeTarget section */
		25B4E3AB2FB869D3001D471A /* StickyDocs */ = {
			isa = PBXNativeTarget;
			buildConfigurationList = 25B4E3CD2FB869D5001D471A /* Build configuration list for PBXNativeTarget "StickyDocs" */;
			buildPhases = (
				25B4E3A82FB869D3001D471A /* Sources */,
				25B4E3A92FB869D3001D471A /* Frameworks */,
				25B4E3AA2FB869D3001D471A /* Resources */,
			);
			buildRules = (
			);
			dependencies = (
			);
			fileSystemSynchronizedGroups = (
				25B4E3AE2FB869D3001D471A /* StickyDocs */,
			);
			name = StickyDocs;
			packageProductDependencies = (
				25B4E4012FB89000001D471A /* GRDB */,
				25B4E8432FC1CCAD001D471A /* Sparkle */,
			);
			productName = StickyDocs;
			productReference = 25B4E3AC2FB869D3001D471A /* StickyDocs.app */;
			productType = "com.apple.product-type.application";
		};
		25B4E3B82FB869D5001D471A /* StickyDocsTests */ = {
			isa = PBXNativeTarget;
			buildConfigurationList = 25B4E3D02FB869D5001D471A /* Build configuration list for PBXNativeTarget "StickyDocsTests" */;
			buildPhases = (
				25B4E3B52FB869D5001D471A /* Sources */,
				25B4E3B62FB869D5001D471A /* Frameworks */,
				25B4E3B72FB869D5001D471A /* Resources */,
			);
			buildRules = (
			);
			dependencies = (
				25B4E3BB2FB869D5001D471A /* PBXTargetDependency */,
			);
			fileSystemSynchronizedGroups = (
				25B4E3BC2FB869D5001D471A /* StickyDocsTests */,
			);
			name = StickyDocsTests;
			packageProductDependencies = (
			);
			productName = StickyDocsTests;
			productReference = 25B4E3B92FB869D5001D471A /* StickyDocsTests.xctest */;
			productType = "com.apple.product-type.bundle.unit-test";
		};
		25B4E3C22FB869D5001D471A /* StickyDocsUITests */ = {
			isa = PBXNativeTarget;
			buildConfigurationList = 25B4E3D32FB869D5001D471A /* Build configuration list for PBXNativeTarget "StickyDocsUITests" */;
			buildPhases = (
				25B4E3BF2FB869D5001D471A /* Sources */,
				25B4E3C02FB869D5001D471A /* Frameworks */,
				25B4E3C12FB869D5001D471A /* Resources */,
			);
			buildRules = (
			);
			dependencies = (
				25B4E3C52FB869D5001D471A /* PBXTargetDependency */,
			);
			fileSystemSynchronizedGroups = (
				25B4E3C62FB869D5001D471A /* StickyDocsUITests */,
			);
			name = StickyDocsUITests;
			packageProductDependencies = (
			);
			productName = StickyDocsUITests;
			productReference = 25B4E3C32FB869D5001D471A /* StickyDocsUITests.xctest */;
			productType = "com.apple.product-type.bundle.ui-testing";
		};
/* End PBXNativeTarget section */

/* Begin PBXProject section */
		25B4E3A42FB869D3001D471A /* Project object */ = {
			isa = PBXProject;
			attributes = {
				BuildIndependentTargetsInParallel = 1;
				LastSwiftUpdateCheck = 2610;
				LastUpgradeCheck = 2610;
				TargetAttributes = {
					25B4E3AB2FB869D3001D471A = {
						CreatedOnToolsVersion = 26.1.1;
					};
					25B4E3B82FB869D5001D471A = {
						CreatedOnToolsVersion = 26.1.1;
						TestTargetID = 25B4E3AB2FB869D3001D471A;
					};
					25B4E3C22FB869D5001D471A = {
						CreatedOnToolsVersion = 26.1.1;
						TestTargetID = 25B4E3AB2FB869D3001D471A;
					};
				};
			};
			buildConfigurationList = 25B4E3A72FB869D3001D471A /* Build configuration list for PBXProject "StickyDocs" */;
			developmentRegion = en;
			hasScannedForEncodings = 0;
			knownRegions = (
				en,
				Base,
			);
			mainGroup = 25B4E3A32FB869D3001D471A;
			minimizedProjectReferenceProxies = 1;
			packageReferences = (
				25B4E3D72FB86BB9001D471A /* XCRemoteSwiftPackageReference "GRDB" */,
				25B4E3D82FB86C05001D471A /* XCRemoteSwiftPackageReference "Sparkle" */,
			);
			preferredProjectObjectVersion = 77;
			productRefGroup = 25B4E3AD2FB869D3001D471A /* Products */;
			projectDirPath = "";
			projectRoot = "";
			targets = (
				25B4E3AB2FB869D3001D471A /* StickyDocs */,
				25B4E3B82FB869D5001D471A /* StickyDocsTests */,
				25B4E3C22FB869D5001D471A /* StickyDocsUITests */,
			);
		};
/* End PBXProject section */

/* Begin PBXResourcesBuildPhase section */
		25B4E3AA2FB869D3001D471A /* Resources */ = {
			isa = PBXResourcesBuildPhase;
			buildActionMask = 2147483647;
			files = (
			);
			runOnlyForDeploymentPostprocessing = 0;
		};
		25B4E3B72FB869D5001D471A /* Resources */ = {
			isa = PBXResourcesBuildPhase;
			buildActionMask = 2147483647;
			files = (
			);
			runOnlyForDeploymentPostprocessing = 0;
		};
		25B4E3C12FB869D5001D471A /* Resources */ = {
			isa = PBXResourcesBuildPhase;
			buildActionMask = 2147483647;
			files = (
			);
			runOnlyForDeploymentPostprocessing = 0;
		};
/* End PBXResourcesBuildPhase section */

/* Begin PBXSourcesBuildPhase section */
		25B4E3A82FB869D3001D471A /* Sources */ = {
			isa = PBXSourcesBuildPhase;
			buildActionMask = 2147483647;
			files = (
			);
			runOnlyForDeploymentPostprocessing = 0;
		};
		25B4E3B52FB869D5001D471A /* Sources */ = {
			isa = PBXSourcesBuildPhase;
			buildActionMask = 2147483647;
			files = (
			);
			runOnlyForDeploymentPostprocessing = 0;
		};
		25B4E3BF2FB869D5001D471A /* Sources */ = {
			isa = PBXSourcesBuildPhase;
			buildActionMask = 2147483647;
			files = (
			);
			runOnlyForDeploymentPostprocessing = 0;
		};
/* End PBXSourcesBuildPhase section */

/* Begin PBXTargetDependency section */
		25B4E3BB2FB869D5001D471A /* PBXTargetDependency */ = {
			isa = PBXTargetDependency;
			target = 25B4E3AB2FB869D3001D471A /* StickyDocs */;
			targetProxy = 25B4E3BA2FB869D5001D471A /* PBXContainerItemProxy */;
		};
		25B4E3C52FB869D5001D471A /* PBXTargetDependency */ = {
			isa = PBXTargetDependency;
			target = 25B4E3AB2FB869D3001D471A /* StickyDocs */;
			targetProxy = 25B4E3C42FB869D5001D471A /* PBXContainerItemProxy */;
		};
/* End PBXTargetDependency section */

/* Begin XCBuildConfiguration section */
		25B4E3CB2FB869D5001D471A /* Debug */ = {
			isa = XCBuildConfiguration;
			buildSettings = {
				ALWAYS_SEARCH_USER_PATHS = NO;
				ASSETCATALOG_COMPILER_GENERATE_SWIFT_ASSET_SYMBOL_EXTENSIONS = YES;
				CLANG_ANALYZER_NONNULL = YES;
				CLANG_ANALYZER_NUMBER_OBJECT_CONVERSION = YES_AGGRESSIVE;
				CLANG_CXX_LANGUAGE_STANDARD = "gnu++20";
				CLANG_ENABLE_MODULES = YES;
				CLANG_ENABLE_OBJC_ARC = YES;
				CLANG_ENABLE_OBJC_WEAK = YES;
				CLANG_WARN_BLOCK_CAPTURE_AUTORELEASING = YES;
				CLANG_WARN_BOOL_CONVERSION = YES;
				CLANG_WARN_COMMA = YES;
				CLANG_WARN_CONSTANT_CONVERSION = YES;
				CLANG_WARN_DEPRECATED_OBJC_IMPLEMENTATIONS = YES;
				CLANG_WARN_DIRECT_OBJC_ISA_USAGE = YES_ERROR;
				CLANG_WARN_DOCUMENTATION_COMMENTS = YES;
				CLANG_WARN_EMPTY_BODY = YES;
				CLANG_WARN_ENUM_CONVERSION = YES;
				CLANG_WARN_INFINITE_RECURSION = YES;
				CLANG_WARN_INT_CONVERSION = YES;
				CLANG_WARN_NON_LITERAL_NULL_CONVERSION = YES;
				CLANG_WARN_OBJC_IMPLICIT_RETAIN_SELF = YES;
				CLANG_WARN_OBJC_LITERAL_CONVERSION = YES;
				CLANG_WARN_OBJC_ROOT_CLASS = YES_ERROR;
				CLANG_WARN_QUOTED_INCLUDE_IN_FRAMEWORK_HEADER = YES;
				CLANG_WARN_RANGE_LOOP_ANALYSIS = YES;
				CLANG_WARN_STRICT_PROTOTYPES = YES;
				CLANG_WARN_SUSPICIOUS_MOVE = YES;
				CLANG_WARN_UNGUARDED_AVAILABILITY = YES_AGGRESSIVE;
				CLANG_WARN_UNREACHABLE_CODE = YES;
				CLANG_WARN__DUPLICATE_METHOD_MATCH = YES;
				COPY_PHASE_STRIP = NO;
				DEBUG_INFORMATION_FORMAT = dwarf;
				DEVELOPMENT_TEAM = 8HG4D44UZQ;
				ENABLE_STRICT_OBJC_MSGSEND = YES;
				ENABLE_TESTABILITY = YES;
				ENABLE_USER_SCRIPT_SANDBOXING = YES;
				GCC_C_LANGUAGE_STANDARD = gnu17;
				GCC_DYNAMIC_NO_PIC = NO;
				GCC_NO_COMMON_BLOCKS = YES;
				GCC_OPTIMIZATION_LEVEL = 0;
				GCC_PREPROCESSOR_DEFINITIONS = (
					"DEBUG=1",
					"$(inherited)",
				);
				GCC_WARN_64_TO_32_BIT_CONVERSION = YES;
				GCC_WARN_ABOUT_RETURN_TYPE = YES_ERROR;
				GCC_WARN_UNDECLARED_SELECTOR = YES;
				GCC_WARN_UNINITIALIZED_AUTOS = YES_AGGRESSIVE;
				GCC_WARN_UNUSED_FUNCTION = YES;
				GCC_WARN_UNUSED_VARIABLE = YES;
				LOCALIZATION_PREFERS_STRING_CATALOGS = YES;
				MACOSX_DEPLOYMENT_TARGET = 15.6;
				MTL_ENABLE_DEBUG_INFO = INCLUDE_SOURCE;
				MTL_FAST_MATH = YES;
				ONLY_ACTIVE_ARCH = YES;
				SDKROOT = macosx;
				SWIFT_ACTIVE_COMPILATION_CONDITIONS = "DEBUG $(inherited)";
				SWIFT_OPTIMIZATION_LEVEL = "-Onone";
			};
			name = Debug;
		};
		25B4E3CC2FB869D5001D471A /* Release */ = {
			isa = XCBuildConfiguration;
			buildSettings = {
				ALWAYS_SEARCH_USER_PATHS = NO;
				ASSETCATALOG_COMPILER_GENERATE_SWIFT_ASSET_SYMBOL_EXTENSIONS = YES;
				CLANG_ANALYZER_NONNULL = YES;
				CLANG_ANALYZER_NUMBER_OBJECT_CONVERSION = YES_AGGRESSIVE;
				CLANG_CXX_LANGUAGE_STANDARD = "gnu++20";
				CLANG_ENABLE_MODULES = YES;
				CLANG_ENABLE_OBJC_ARC = YES;
				CLANG_ENABLE_OBJC_WEAK = YES;
				CLANG_WARN_BLOCK_CAPTURE_AUTORELEASING = YES;
				CLANG_WARN_BOOL_CONVERSION = YES;
				CLANG_WARN_COMMA = YES;
				CLANG_WARN_CONSTANT_CONVERSION = YES;
				CLANG_WARN_DEPRECATED_OBJC_IMPLEMENTATIONS = YES;
				CLANG_WARN_DIRECT_OBJC_ISA_USAGE = YES_ERROR;
				CLANG_WARN_DOCUMENTATION_COMMENTS = YES;
				CLANG_WARN_EMPTY_BODY = YES;
				CLANG_WARN_ENUM_CONVERSION = YES;
				CLANG_WARN_INFINITE_RECURSION = YES;
				CLANG_WARN_INT_CONVERSION = YES;
				CLANG_WARN_NON_LITERAL_NULL_CONVERSION = YES;
				CLANG_WARN_OBJC_IMPLICIT_RETAIN_SELF = YES;
				CLANG_WARN_OBJC_LITERAL_CONVERSION = YES;
				CLANG_WARN_OBJC_ROOT_CLASS = YES_ERROR;
				CLANG_WARN_QUOTED_INCLUDE_IN_FRAMEWORK_HEADER = YES;
				CLANG_WARN_RANGE_LOOP_ANALYSIS = YES;
				CLANG_WARN_STRICT_PROTOTYPES = YES;
				CLANG_WARN_SUSPICIOUS_MOVE = YES;
				CLANG_WARN_UNGUARDED_AVAILABILITY = YES_AGGRESSIVE;
				CLANG_WARN_UNREACHABLE_CODE = YES;
				CLANG_WARN__DUPLICATE_METHOD_MATCH = YES;
				COPY_PHASE_STRIP = NO;
				DEBUG_INFORMATION_FORMAT = "dwarf-with-dsym";
				DEVELOPMENT_TEAM = 8HG4D44UZQ;
				ENABLE_NS_ASSERTIONS = NO;
				ENABLE_STRICT_OBJC_MSGSEND = YES;
				ENABLE_USER_SCRIPT_SANDBOXING = YES;
				GCC_C_LANGUAGE_STANDARD = gnu17;
				GCC_NO_COMMON_BLOCKS = YES;
				GCC_WARN_64_TO_32_BIT_CONVERSION = YES;
				GCC_WARN_ABOUT_RETURN_TYPE = YES_ERROR;
				GCC_WARN_UNDECLARED_SELECTOR = YES;
				GCC_WARN_UNINITIALIZED_AUTOS = YES_AGGRESSIVE;
				GCC_WARN_UNUSED_FUNCTION = YES;
				GCC_WARN_UNUSED_VARIABLE = YES;
				LOCALIZATION_PREFERS_STRING_CATALOGS = YES;
				MACOSX_DEPLOYMENT_TARGET = 15.6;
				MTL_ENABLE_DEBUG_INFO = NO;
				MTL_FAST_MATH = YES;
				SDKROOT = macosx;
				SWIFT_COMPILATION_MODE = wholemodule;
			};
			name = Release;
		};
		25B4E3CE2FB869D5001D471A /* Debug */ = {
			isa = XCBuildConfiguration;
			buildSettings = {
				ASSETCATALOG_COMPILER_APPICON_NAME = AppIcon;
				ASSETCATALOG_COMPILER_GLOBAL_ACCENT_COLOR_NAME = AccentColor;
				CODE_SIGN_ENTITLEMENTS = StickyDocs/StickyDocs.entitlements;
				CODE_SIGN_STYLE = Automatic;
				COMBINE_HIDPI_IMAGES = YES;
				CURRENT_PROJECT_VERSION = 1;
				DEVELOPMENT_TEAM = 8HG4D44UZQ;
				ENABLE_APP_SANDBOX = YES;
				ENABLE_HARDENED_RUNTIME = YES;
				ENABLE_INCOMING_NETWORK_CONNECTIONS = YES;
				ENABLE_OUTGOING_NETWORK_CONNECTIONS = YES;
				ENABLE_PREVIEWS = YES;
				ENABLE_RESOURCE_ACCESS_AUDIO_INPUT = NO;
				ENABLE_RESOURCE_ACCESS_BLUETOOTH = NO;
				ENABLE_RESOURCE_ACCESS_CALENDARS = NO;
				ENABLE_RESOURCE_ACCESS_CAMERA = NO;
				ENABLE_RESOURCE_ACCESS_CONTACTS = NO;
				ENABLE_RESOURCE_ACCESS_LOCATION = NO;
				ENABLE_RESOURCE_ACCESS_PRINTING = NO;
				ENABLE_RESOURCE_ACCESS_USB = NO;
				ENABLE_USER_SELECTED_FILES = readonly;
				GENERATE_INFOPLIST_FILE = NO;
				INFOPLIST_FILE = StickyDocs/Info.plist;
				LD_RUNPATH_SEARCH_PATHS = (
					"$(inherited)",
					"@executable_path/../Frameworks",
				);
				MARKETING_VERSION = "1.2.0-alpha.6";
				PRODUCT_BUNDLE_IDENTIFIER = com.baleware.StickyDocs;
				PRODUCT_NAME = "$(TARGET_NAME)";
				REGISTER_APP_GROUPS = YES;
				STRING_CATALOG_GENERATE_SYMBOLS = YES;
				SWIFT_APPROACHABLE_CONCURRENCY = YES;
				SWIFT_DEFAULT_ACTOR_ISOLATION = MainActor;
				SWIFT_EMIT_LOC_STRINGS = YES;
				SWIFT_UPCOMING_FEATURE_MEMBER_IMPORT_VISIBILITY = YES;
				SWIFT_VERSION = 5.0;
			};
			name = Debug;
		};
		25B4E3CF2FB869D5001D471A /* Release */ = {
			isa = XCBuildConfiguration;
			buildSettings = {
				ASSETCATALOG_COMPILER_APPICON_NAME = AppIcon;
				ASSETCATALOG_COMPILER_GLOBAL_ACCENT_COLOR_NAME = AccentColor;
				CODE_SIGN_ENTITLEMENTS = StickyDocs/StickyDocs.entitlements;
				CODE_SIGN_STYLE = Automatic;
				COMBINE_HIDPI_IMAGES = YES;
				CURRENT_PROJECT_VERSION = 1;
				DEVELOPMENT_TEAM = 8HG4D44UZQ;
				ENABLE_APP_SANDBOX = YES;
				ENABLE_HARDENED_RUNTIME = YES;
				ENABLE_INCOMING_NETWORK_CONNECTIONS = YES;
				ENABLE_OUTGOING_NETWORK_CONNECTIONS = YES;
				ENABLE_PREVIEWS = YES;
				ENABLE_RESOURCE_ACCESS_AUDIO_INPUT = NO;
				ENABLE_RESOURCE_ACCESS_BLUETOOTH = NO;
				ENABLE_RESOURCE_ACCESS_CALENDARS = NO;
				ENABLE_RESOURCE_ACCESS_CAMERA = NO;
				ENABLE_RESOURCE_ACCESS_CONTACTS = NO;
				ENABLE_RESOURCE_ACCESS_LOCATION = NO;
				ENABLE_RESOURCE_ACCESS_PRINTING = NO;
				ENABLE_RESOURCE_ACCESS_USB = NO;
				ENABLE_USER_SELECTED_FILES = readonly;
				GENERATE_INFOPLIST_FILE = NO;
				INFOPLIST_FILE = StickyDocs/Info.plist;
				LD_RUNPATH_SEARCH_PATHS = (
					"$(inherited)",
					"@executable_path/../Frameworks",
				);
				MARKETING_VERSION = "1.2.0-alpha.6";
				PRODUCT_BUNDLE_IDENTIFIER = com.baleware.StickyDocs;
				PRODUCT_NAME = "$(TARGET_NAME)";
				REGISTER_APP_GROUPS = YES;
				STRING_CATALOG_GENERATE_SYMBOLS = YES;
				SWIFT_APPROACHABLE_CONCURRENCY = YES;
				SWIFT_DEFAULT_ACTOR_ISOLATION = MainActor;
				SWIFT_EMIT_LOC_STRINGS = YES;
				SWIFT_UPCOMING_FEATURE_MEMBER_IMPORT_VISIBILITY = YES;
				SWIFT_VERSION = 5.0;
			};
			name = Release;
		};
		25B4E3D12FB869D5001D471A /* Debug */ = {
			isa = XCBuildConfiguration;
			buildSettings = {
				BUNDLE_LOADER = "$(TEST_HOST)";
				CODE_SIGN_STYLE = Automatic;
				CURRENT_PROJECT_VERSION = 1;
				DEVELOPMENT_TEAM = 8HG4D44UZQ;
				GENERATE_INFOPLIST_FILE = YES;
				MACOSX_DEPLOYMENT_TARGET = 15.6;
				MARKETING_VERSION = "1.2.0-alpha.6";
				PRODUCT_BUNDLE_IDENTIFIER = com.baleware.StickyDocsTests;
				PRODUCT_NAME = "$(TARGET_NAME)";
				STRING_CATALOG_GENERATE_SYMBOLS = NO;
				SWIFT_APPROACHABLE_CONCURRENCY = YES;
				SWIFT_EMIT_LOC_STRINGS = NO;
				SWIFT_UPCOMING_FEATURE_MEMBER_IMPORT_VISIBILITY = YES;
				SWIFT_VERSION = 5.0;
				TEST_HOST = "$(BUILT_PRODUCTS_DIR)/StickyDocs.app/$(BUNDLE_EXECUTABLE_FOLDER_PATH)/StickyDocs";
			};
			name = Debug;
		};
		25B4E3D22FB869D5001D471A /* Release */ = {
			isa = XCBuildConfiguration;
			buildSettings = {
				BUNDLE_LOADER = "$(TEST_HOST)";
				CODE_SIGN_STYLE = Automatic;
				CURRENT_PROJECT_VERSION = 1;
				DEVELOPMENT_TEAM = 8HG4D44UZQ;
				GENERATE_INFOPLIST_FILE = YES;
				MACOSX_DEPLOYMENT_TARGET = 15.6;
				MARKETING_VERSION = "1.2.0-alpha.6";
				PRODUCT_BUNDLE_IDENTIFIER = com.baleware.StickyDocsTests;
				PRODUCT_NAME = "$(TARGET_NAME)";
				STRING_CATALOG_GENERATE_SYMBOLS = NO;
				SWIFT_APPROACHABLE_CONCURRENCY = YES;
				SWIFT_EMIT_LOC_STRINGS = NO;
				SWIFT_UPCOMING_FEATURE_MEMBER_IMPORT_VISIBILITY = YES;
				SWIFT_VERSION = 5.0;
				TEST_HOST = "$(BUILT_PRODUCTS_DIR)/StickyDocs.app/$(BUNDLE_EXECUTABLE_FOLDER_PATH)/StickyDocs";
			};
			name = Release;
		};
		25B4E3D42FB869D5001D471A /* Debug */ = {
			isa = XCBuildConfiguration;
			buildSettings = {
				CODE_SIGN_STYLE = Automatic;
				CURRENT_PROJECT_VERSION = 1;
				DEVELOPMENT_TEAM = 8HG4D44UZQ;
				GENERATE_INFOPLIST_FILE = YES;
				MARKETING_VERSION = "1.2.0-alpha.6";
				PRODUCT_BUNDLE_IDENTIFIER = com.baleware.StickyDocsUITests;
				PRODUCT_NAME = "$(TARGET_NAME)";
				STRING_CATALOG_GENERATE_SYMBOLS = NO;
				SWIFT_APPROACHABLE_CONCURRENCY = YES;
				SWIFT_EMIT_LOC_STRINGS = NO;
				SWIFT_UPCOMING_FEATURE_MEMBER_IMPORT_VISIBILITY = YES;
				SWIFT_VERSION = 5.0;
				TEST_TARGET_NAME = StickyDocs;
			};
			name = Debug;
		};
		25B4E3D52FB869D5001D471A /* Release */ = {
			isa = XCBuildConfiguration;
			buildSettings = {
				CODE_SIGN_STYLE = Automatic;
				CURRENT_PROJECT_VERSION = 1;
				DEVELOPMENT_TEAM = 8HG4D44UZQ;
				GENERATE_INFOPLIST_FILE = YES;
				MARKETING_VERSION = "1.2.0-alpha.6";
				PRODUCT_BUNDLE_IDENTIFIER = com.baleware.StickyDocsUITests;
				PRODUCT_NAME = "$(TARGET_NAME)";
				STRING_CATALOG_GENERATE_SYMBOLS = NO;
				SWIFT_APPROACHABLE_CONCURRENCY = YES;
				SWIFT_EMIT_LOC_STRINGS = NO;
				SWIFT_UPCOMING_FEATURE_MEMBER_IMPORT_VISIBILITY = YES;
				SWIFT_VERSION = 5.0;
				TEST_TARGET_NAME = StickyDocs;
			};
			name = Release;
		};
/* End XCBuildConfiguration section */

/* Begin XCConfigurationList section */
		25B4E3A72FB869D3001D471A /* Build configuration list for PBXProject "StickyDocs" */ = {
			isa = XCConfigurationList;
			buildConfigurations = (
				25B4E3CB2FB869D5001D471A /* Debug */,
				25B4E3CC2FB869D5001D471A /* Release */,
			);
			defaultConfigurationIsVisible = 0;
			defaultConfigurationName = Release;
		};
		25B4E3CD2FB869D5001D471A /* Build configuration list for PBXNativeTarget "StickyDocs" */ = {
			isa = XCConfigurationList;
			buildConfigurations = (
				25B4E3CE2FB869D5001D471A /* Debug */,
				25B4E3CF2FB869D5001D471A /* Release */,
			);
			defaultConfigurationIsVisible = 0;
			defaultConfigurationName = Release;
		};
		25B4E3D02FB869D5001D471A /* Build configuration list for PBXNativeTarget "StickyDocsTests" */ = {
			isa = XCConfigurationList;
			buildConfigurations = (
				25B4E3D12FB869D5001D471A /* Debug */,
				25B4E3D22FB869D5001D471A /* Release */,
			);
			defaultConfigurationIsVisible = 0;
			defaultConfigurationName = Release;
		};
		25B4E3D32FB869D5001D471A /* Build configuration list for PBXNativeTarget "StickyDocsUITests" */ = {
			isa = XCConfigurationList;
			buildConfigurations = (
				25B4E3D42FB869D5001D471A /* Debug */,
				25B4E3D52FB869D5001D471A /* Release */,
			);
			defaultConfigurationIsVisible = 0;
			defaultConfigurationName = Release;
		};
/* End XCConfigurationList section */

/* Begin XCRemoteSwiftPackageReference section */
		25B4E3D72FB86BB9001D471A /* XCRemoteSwiftPackageReference "GRDB" */ = {
			isa = XCRemoteSwiftPackageReference;
			repositoryURL = "https://github.com/groue/GRDB.swift";
			requirement = {
				branch = master;
				kind = branch;
			};
		};
		25B4E3D82FB86C05001D471A /* XCRemoteSwiftPackageReference "Sparkle" */ = {
			isa = XCRemoteSwiftPackageReference;
			repositoryURL = "https://github.com/sparkle-project/Sparkle";
			requirement = {
				kind = upToNextMajorVersion;
				minimumVersion = 2.9.1;
			};
		};
/* End XCRemoteSwiftPackageReference section */

/* Begin XCSwiftPackageProductDependency section */
		25B4E4012FB89000001D471A /* GRDB */ = {
			isa = XCSwiftPackageProductDependency;
			package = 25B4E3D72FB86BB9001D471A /* XCRemoteSwiftPackageReference "GRDB" */;
			productName = GRDB;
		};
		25B4E8432FC1CCAD001D471A /* Sparkle */ = {
			isa = XCSwiftPackageProductDependency;
			package = 25B4E3D82FB86C05001D471A /* XCRemoteSwiftPackageReference "Sparkle" */;
			productName = Sparkle;
		};
/* End XCSwiftPackageProductDependency section */
	};
	rootObject = 25B4E3A42FB869D3001D471A /* Project object */;
}
